// !$*UTF8*$!
{
	archiveVersion = 1;
	classes = {
	};
	objectVersion = 55;
	objects = {

/* Begin PBXBuildFile section */
		00004756285F396900F97179 /* ToggleCameraView.swift in Sources */ = {isa = PBXBuildFile; fileRef = 00004755285F396900F97179 /* ToggleCameraView.swift */; };
		00004758285F397500F97179 /* ToggleCameraView.xib in Resources */ = {isa = PBXBuildFile; fileRef = 00004757285F397500F97179 /* ToggleCameraView.xib */; };
		00212BD0286853500052488C /* PointOfInterestView.swift in Sources */ = {isa = PBXBuildFile; fileRef = 00212BCF286853500052488C /* PointOfInterestView.swift */; };
		00212BD22868535B0052488C /* PointOfInterestView.xib in Resources */ = {isa = PBXBuildFile; fileRef = 00212BD12868535B0052488C /* PointOfInterestView.xib */; };
		00212BD528686A050052488C /* VideoPlayerViewController.swift in Sources */ = {isa = PBXBuildFile; fileRef = 00212BD428686A050052488C /* VideoPlayerViewController.swift */; };
		0086C5FE285F1729001E6098 /* UIColor+Colors.swift in Sources */ = {isa = PBXBuildFile; fileRef = 0086C5FD285F1729001E6098 /* UIColor+Colors.swift */; };
		0086C601285F1822001E6098 /* SwitchZoomView.swift in Sources */ = {isa = PBXBuildFile; fileRef = 0086C600285F1822001E6098 /* SwitchZoomView.swift */; };
		0086C603285F182F001E6098 /* SwitchZoomView.xib in Resources */ = {isa = PBXBuildFile; fileRef = 0086C602285F182F001E6098 /* SwitchZoomView.xib */; };
		00C1957628645E60002E0FC9 /* NotificationName+Custom.swift in Sources */ = {isa = PBXBuildFile; fileRef = 00C1957528645E60002E0FC9 /* NotificationName+Custom.swift */; };
		00C19579286460F2002E0FC9 /* VideoOrientationManager.swift in Sources */ = {isa = PBXBuildFile; fileRef = 00C19578286460F2002E0FC9 /* VideoOrientationManager.swift */; };
		00C1957C28647E0B002E0FC9 /* AlertView.swift in Sources */ = {isa = PBXBuildFile; fileRef = 00C1957B28647E0B002E0FC9 /* AlertView.swift */; };
		00C1957E28647E14002E0FC9 /* AlertView.xib in Resources */ = {isa = PBXBuildFile; fileRef = 00C1957D28647E14002E0FC9 /* AlertView.xib */; };
		00C1958128648214002E0FC9 /* TorchView.swift in Sources */ = {isa = PBXBuildFile; fileRef = 00C1958028648214002E0FC9 /* TorchView.swift */; };
		00C195832864821E002E0FC9 /* TorchView.xib in Resources */ = {isa = PBXBuildFile; fileRef = 00C195822864821E002E0FC9 /* TorchView.xib */; };
		00DDB7E4285B39D80045C9F1 /* RequestPhotoLibraryAuthorisationView.swift in Sources */ = {isa = PBXBuildFile; fileRef = 00DDB7E3285B39D80045C9F1 /* RequestPhotoLibraryAuthorisationView.swift */; };
		00DDB7E6285B39E90045C9F1 /* RequestPhotoLibraryAuthorisationView.xib in Resources */ = {isa = PBXBuildFile; fileRef = 00DDB7E5285B39E90045C9F1 /* RequestPhotoLibraryAuthorisationView.xib */; };
		00DDB7EA285B3D2F0045C9F1 /* UIView+AddShadow.swift in Sources */ = {isa = PBXBuildFile; fileRef = 00DDB7E9285B3D2F0045C9F1 /* UIView+AddShadow.swift */; };
		00DDB7EC285B3DF10045C9F1 /* UIView+Animations.swift in Sources */ = {isa = PBXBuildFile; fileRef = 00DDB7EB285B3DF10045C9F1 /* UIView+Animations.swift */; };
		00DDB7EF285B3F1E0045C9F1 /* PhotoLibraryAuthorisationManager.swift in Sources */ = {isa = PBXBuildFile; fileRef = 00DDB7EE285B3F1E0045C9F1 /* PhotoLibraryAuthorisationManager.swift */; };
		00DDB7F3285B43770045C9F1 /* CaptureViewController.swift in Sources */ = {isa = PBXBuildFile; fileRef = 00DDB7F1285B43770045C9F1 /* CaptureViewController.swift */; };
		00DDB7F4285B43770045C9F1 /* CaptureViewController.xib in Resources */ = {isa = PBXBuildFile; fileRef = 00DDB7F2285B43770045C9F1 /* CaptureViewController.xib */; };
		00DDB7F7285B43B40045C9F1 /* AppSetup.swift in Sources */ = {isa = PBXBuildFile; fileRef = 00DDB7F6285B43B40045C9F1 /* AppSetup.swift */; };
		00DDB7FA285B45DB0045C9F1 /* VideoPreviewView.swift in Sources */ = {isa = PBXBuildFile; fileRef = 00DDB7F9285B45DB0045C9F1 /* VideoPreviewView.swift */; };
		00DDB7FD285B48B30045C9F1 /* CaptureSessionManager.swift in Sources */ = {isa = PBXBuildFile; fileRef = 00DDB7FC285B48B30045C9F1 /* CaptureSessionManager.swift */; };
		00DDB800285C7CAE0045C9F1 /* TimerView.swift in Sources */ = {isa = PBXBuildFile; fileRef = 00DDB7FF285C7CAE0045C9F1 /* TimerView.swift */; };
		00DDB802285C7CBD0045C9F1 /* TimerView.xib in Resources */ = {isa = PBXBuildFile; fileRef = 00DDB801285C7CBD0045C9F1 /* TimerView.xib */; };
		00DDB805285C7F920045C9F1 /* RecordView.swift in Sources */ = {isa = PBXBuildFile; fileRef = 00DDB804285C7F920045C9F1 /* RecordView.swift */; };
		00DDB807285C7FA80045C9F1 /* RecordView.xib in Resources */ = {isa = PBXBuildFile; fileRef = 00DDB806285C7FA80045C9F1 /* RecordView.xib */; };
		00DDB80A285C99A10045C9F1 /* TimerManager.swift in Sources */ = {isa = PBXBuildFile; fileRef = 00DDB809285C99A10045C9F1 /* TimerManager.swift */; };
		00F8BAEF2857323D00C5FF8F /* AppDelegate.swift in Sources */ = {isa = PBXBuildFile; fileRef = 00F8BAEE2857323D00C5FF8F /* AppDelegate.swift */; };
		00F8BAF12857323D00C5FF8F /* SceneDelegate.swift in Sources */ = {isa = PBXBuildFile; fileRef = 00F8BAF02857323D00C5FF8F /* SceneDelegate.swift */; };
		00F8BAF32857323D00C5FF8F /* ViewController.swift in Sources */ = {isa = PBXBuildFile; fileRef = 00F8BAF22857323D00C5FF8F /* ViewController.swift */; };
		00F8BAF62857323D00C5FF8F /* Main.storyboard in Resources */ = {isa = PBXBuildFile; fileRef = 00F8BAF42857323D00C5FF8F /* Main.storyboard */; };
		00F8BAF82857323E00C5FF8F /* Assets.xcassets in Resources */ = {isa = PBXBuildFile; fileRef = 00F8BAF72857323E00C5FF8F /* Assets.xcassets */; };
		00F8BAFB2857323E00C5FF8F /* LaunchScreen.storyboard in Resources */ = {isa = PBXBuildFile; fileRef = 00F8BAF92857323E00C5FF8F /* LaunchScreen.storyboard */; };
		00F8BB07285732DD00C5FF8F /* LaunchViewController.swift in Sources */ = {isa = PBXBuildFile; fileRef = 00F8BB05285732DD00C5FF8F /* LaunchViewController.swift */; };
		00F8BB08285732DD00C5FF8F /* LaunchViewController.xib in Resources */ = {isa = PBXBuildFile; fileRef = 00F8BB06285732DD00C5FF8F /* LaunchViewController.xib */; };
		00F8BB0D285733E300C5FF8F /* RequestCameraAuthorisationView.swift in Sources */ = {isa = PBXBuildFile; fileRef = 00F8BB0C285733E300C5FF8F /* RequestCameraAuthorisationView.swift */; };
		00F8BB0F2857340D00C5FF8F /* RequestCameraAuthorisationView.xib in Resources */ = {isa = PBXBuildFile; fileRef = 00F8BB0E2857340D00C5FF8F /* RequestCameraAuthorisationView.xib */; };
		00F8BB1428573A7A00C5FF8F /* CameraAuthorisationManager.swift in Sources */ = {isa = PBXBuildFile; fileRef = 00F8BB1328573A7A00C5FF8F /* CameraAuthorisationManager.swift */; };
		00F8BB1728574D2F00C5FF8F /* RequestMicrophoneAuthorisationView.swift in Sources */ = {isa = PBXBuildFile; fileRef = 00F8BB1628574D2F00C5FF8F /* RequestMicrophoneAuthorisationView.swift */; };
		00F8BB1928574D4800C5FF8F /* RequestMicrophoneAuthorisationView.xib in Resources */ = {isa = PBXBuildFile; fileRef = 00F8BB1828574D4800C5FF8F /* RequestMicrophoneAuthorisationView.xib */; };
		00F8BB1C2857501700C5FF8F /* MicrophoneAuthorisationManager.swift in Sources */ = {isa = PBXBuildFile; fileRef = 00F8BB1B2857501700C5FF8F /* MicrophoneAuthorisationManager.swift */; };
/* End PBXBuildFile section */

/* Begin PBXFileReference section */
		00004755285F396900F97179 /* ToggleCameraView.swift */ = {isa = PBXFileReference; lastKnownFileType = sourcecode.swift; path = ToggleCameraView.swift; sourceTree = "<group>"; };
		00004757285F397500F97179 /* ToggleCameraView.xib */ = {isa = PBXFileReference; lastKnownFileType = file.xib; path = ToggleCameraView.xib; sourceTree = "<group>"; };
		00212BCF286853500052488C /* PointOfInterestView.swift */ = {isa = PBXFileReference; lastKnownFileType = sourcecode.swift; path = PointOfInterestView.swift; sourceTree = "<group>"; };
		00212BD12868535B0052488C /* PointOfInterestView.xib */ = {isa = PBXFileReference; lastKnownFileType = file.xib; path = PointOfInterestView.xib; sourceTree = "<group>"; };
		00212BD428686A050052488C /* VideoPlayerViewController.swift */ = {isa = PBXFileReference; lastKnownFileType = sourcecode.swift; path = VideoPlayerViewController.swift; sourceTree = "<group>"; };
		0086C5FD285F1729001E6098 /* UIColor+Colors.swift */ = {isa = PBXFileReference; lastKnownFileType = sourcecode.swift; path = "UIColor+Colors.swift"; sourceTree = "<group>"; };
		0086C600285F1822001E6098 /* SwitchZoomView.swift */ = {isa = PBXFileReference; lastKnownFileType = sourcecode.swift; path = SwitchZoomView.swift; sourceTree = "<group>"; };
		0086C602285F182F001E6098 /* SwitchZoomView.xib */ = {isa = PBXFileReference; lastKnownFileType = file.xib; path = SwitchZoomView.xib; sourceTree = "<group>"; };
		00C1957528645E60002E0FC9 /* NotificationName+Custom.swift */ = {isa = PBXFileReference; lastKnownFileType = sourcecode.swift; path = "NotificationName+Custom.swift"; sourceTree = "<group>"; };
		00C19578286460F2002E0FC9 /* VideoOrientationManager.swift */ = {isa = PBXFileReference; lastKnownFileType = sourcecode.swift; path = VideoOrientationManager.swift; sourceTree = "<group>"; };
		00C1957B28647E0B002E0FC9 /* AlertView.swift */ = {isa = PBXFileReference; lastKnownFileType = sourcecode.swift; path = AlertView.swift; sourceTree = "<group>"; };
		00C1957D28647E14002E0FC9 /* AlertView.xib */ = {isa = PBXFileReference; lastKnownFileType = file.xib; path = AlertView.xib; sourceTree = "<group>"; };
		00C1958028648214002E0FC9 /* TorchView.swift */ = {isa = PBXFileReference; lastKnownFileType = sourcecode.swift; path = TorchView.swift; sourceTree = "<group>"; };
		00C195822864821E002E0FC9 /* TorchView.xib */ = {isa = PBXFileReference; lastKnownFileType = file.xib; path = TorchView.xib; sourceTree = "<group>"; };
		00DDB7E3285B39D80045C9F1 /* RequestPhotoLibraryAuthorisationView.swift */ = {isa = PBXFileReference; lastKnownFileType = sourcecode.swift; path = RequestPhotoLibraryAuthorisationView.swift; sourceTree = "<group>"; };
		00DDB7E5285B39E90045C9F1 /* RequestPhotoLibraryAuthorisationView.xib */ = {isa = PBXFileReference; lastKnownFileType = file.xib; path = RequestPhotoLibraryAuthorisationView.xib; sourceTree = "<group>"; };
		00DDB7E9285B3D2F0045C9F1 /* UIView+AddShadow.swift */ = {isa = PBXFileReference; lastKnownFileType = sourcecode.swift; path = "UIView+AddShadow.swift"; sourceTree = "<group>"; };
		00DDB7EB285B3DF10045C9F1 /* UIView+Animations.swift */ = {isa = PBXFileReference; lastKnownFileType = sourcecode.swift; path = "UIView+Animations.swift"; sourceTree = "<group>"; };
		00DDB7EE285B3F1E0045C9F1 /* PhotoLibraryAuthorisationManager.swift */ = {isa = PBXFileReference; lastKnownFileType = sourcecode.swift; path = PhotoLibraryAuthorisationManager.swift; sourceTree = "<group>"; };
		00DDB7F1285B43770045C9F1 /* CaptureViewController.swift */ = {isa = PBXFileReference; lastKnownFileType = sourcecode.swift; path = CaptureViewController.swift; sourceTree = "<group>"; };
		00DDB7F2285B43770045C9F1 /* CaptureViewController.xib */ = {isa = PBXFileReference; lastKnownFileType = file.xib; path = CaptureViewController.xib; sourceTree = "<group>"; };
		00DDB7F6285B43B40045C9F1 /* AppSetup.swift */ = {isa = PBXFileReference; lastKnownFileType = sourcecode.swift; path = AppSetup.swift; sourceTree = "<group>"; };
		00DDB7F9285B45DB0045C9F1 /* VideoPreviewView.swift */ = {isa = PBXFileReference; lastKnownFileType = sourcecode.swift; path = VideoPreviewView.swift; sourceTree = "<group>"; };
		00DDB7FC285B48B30045C9F1 /* CaptureSessionManager.swift */ = {isa = PBXFileReference; lastKnownFileType = sourcecode.swift; path = CaptureSessionManager.swift; sourceTree = "<group>"; };
		00DDB7FF285C7CAE0045C9F1 /* TimerView.swift */ = {isa = PBXFileReference; lastKnownFileType = sourcecode.swift; path = TimerView.swift; sourceTree = "<group>"; };
		00DDB801285C7CBD0045C9F1 /* TimerView.xib */ = {isa = PBXFileReference; lastKnownFileType = file.xib; path = TimerView.xib; sourceTree = "<group>"; };
		00DDB804285C7F920045C9F1 /* RecordView.swift */ = {isa = PBXFileReference; lastKnownFileType = sourcecode.swift; path = RecordView.swift; sourceTree = "<group>"; };
		00DDB806285C7FA80045C9F1 /* RecordView.xib */ = {isa = PBXFileReference; lastKnownFileType = file.xib; path = RecordView.xib; sourceTree = "<group>"; };
		00DDB809285C99A10045C9F1 /* TimerManager.swift */ = {isa = PBXFileReference; lastKnownFileType = sourcecode.swift; path = TimerManager.swift; sourceTree = "<group>"; };
		00F8BAEB2857323D00C5FF8F /* CustomCamera.app */ = {isa = PBXFileReference; explicitFileType = wrapper.application; includeInIndex = 0; path = CustomCamera.app; sourceTree = BUILT_PRODUCTS_DIR; };
		00F8BAEE2857323D00C5FF8F /* AppDelegate.swift */ = {isa = PBXFileReference; lastKnownFileType = sourcecode.swift; path = AppDelegate.swift; sourceTree = "<group>"; };
		00F8BAF02857323D00C5FF8F /* SceneDelegate.swift */ = {isa = PBXFileReference; lastKnownFileType = sourcecode.swift; path = SceneDelegate.swift; sourceTree = "<group>"; };
		00F8BAF22857323D00C5FF8F /* ViewController.swift */ = {isa = PBXFileReference; lastKnownFileType = sourcecode.swift; path = ViewController.swift; sourceTree = "<group>"; };
		00F8BAF52857323D00C5FF8F /* Base */ = {isa = PBXFileReference; lastKnownFileType = file.storyboard; name = Base; path = Base.lproj/Main.storyboard; sourceTree = "<group>"; };
		00F8BAF72857323E00C5FF8F /* Assets.xcassets */ = {isa = PBXFileReference; lastKnownFileType = folder.assetcatalog; path = Assets.xcassets; sourceTree = "<group>"; };
		00F8BAFA2857323E00C5FF8F /* Base */ = {isa = PBXFileReference; lastKnownFileType = file.storyboard; name = Base; path = Base.lproj/LaunchScreen.storyboard; sourceTree = "<group>"; };
		00F8BAFC2857323E00C5FF8F /* Info.plist */ = {isa = PBXFileReference; lastKnownFileType = text.plist.xml; path = Info.plist; sourceTree = "<group>"; };
		00F8BB05285732DD00C5FF8F /* LaunchViewController.swift */ = {isa = PBXFileReference; lastKnownFileType = sourcecode.swift; path = LaunchViewController.swift; sourceTree = "<group>"; };
		00F8BB06285732DD00C5FF8F /* LaunchViewController.xib */ = {isa = PBXFileReference; lastKnownFileType = file.xib; path = LaunchViewController.xib; sourceTree = "<group>"; };
		00F8BB0C285733E300C5FF8F /* RequestCameraAuthorisationView.swift */ = {isa = PBXFileReference; lastKnownFileType = sourcecode.swift; path = RequestCameraAuthorisationView.swift; sourceTree = "<group>"; };
		00F8BB0E2857340D00C5FF8F /* RequestCameraAuthorisationView.xib */ = {isa = PBXFileReference; lastKnownFileType = file.xib; path = RequestCameraAuthorisationView.xib; sourceTree = "<group>"; };
		00F8BB1328573A7A00C5FF8F /* CameraAuthorisationManager.swift */ = {isa = PBXFileReference; lastKnownFileType = sourcecode.swift; path = CameraAuthorisationManager.swift; sourceTree = "<group>"; };
		00F8BB1628574D2F00C5FF8F /* RequestMicrophoneAuthorisationView.swift */ = {isa = PBXFileReference; lastKnownFileType = sourcecode.swift; path = RequestMicrophoneAuthorisationView.swift; sourceTree = "<group>"; };
		00F8BB1828574D4800C5FF8F /* RequestMicrophoneAuthorisationView.xib */ = {isa = PBXFileReference; lastKnownFileType = file.xib; path = RequestMicrophoneAuthorisationView.xib; sourceTree = "<group>"; };
		00F8BB1B2857501700C5FF8F /* MicrophoneAuthorisationManager.swift */ = {isa = PBXFileReference; lastKnownFileType = sourcecode.swift; path = MicrophoneAuthorisationManager.swift; sourceTree = "<group>"; };
/* End PBXFileReference section */

/* Begin PBXFrameworksBuildPhase section */
		00F8BAE82857323D00C5FF8F /* Frameworks */ = {
			isa = PBXFrameworksBuildPhase;
			buildActionMask = 2147483647;
			files = (
			);
			runOnlyForDeploymentPostprocessing = 0;
		};
/* End PBXFrameworksBuildPhase section */

/* Begin PBXGroup section */
		00004754285F394B00F97179 /* ToggleCamera */ = {
			isa = PBXGroup;
			children = (
				00004755285F396900F97179 /* ToggleCameraView.swift */,
				00004757285F397500F97179 /* ToggleCameraView.xib */,
			);
			path = ToggleCamera;
			sourceTree = "<group>";
		};
		00212BCE286853390052488C /* PointOfInterest */ = {
			isa = PBXGroup;
			children = (
				00212BCF286853500052488C /* PointOfInterestView.swift */,
				00212BD12868535B0052488C /* PointOfInterestView.xib */,
			);
			path = PointOfInterest;
			sourceTree = "<group>";
		};
		00212BD3286869DF0052488C /* VideoPlayer */ = {
			isa = PBXGroup;
			children = (
				00212BD428686A050052488C /* VideoPlayerViewController.swift */,
			);
			path = VideoPlayer;
			sourceTree = "<group>";
		};
		0086C5FF285F1803001E6098 /* SwitchZoom */ = {
			isa = PBXGroup;
			children = (
				0086C600285F1822001E6098 /* SwitchZoomView.swift */,
				0086C602285F182F001E6098 /* SwitchZoomView.xib */,
			);
			path = SwitchZoom;
			sourceTree = "<group>";
		};
		00C19577286460DF002E0FC9 /* VideoOrientation */ = {
			isa = PBXGroup;
			children = (
				00C19578286460F2002E0FC9 /* VideoOrientationManager.swift */,
			);
			path = VideoOrientation;
			sourceTree = "<group>";
		};
		00C1957A28647DF7002E0FC9 /* Alert */ = {
			isa = PBXGroup;
			children = (
				00C1957B28647E0B002E0FC9 /* AlertView.swift */,
				00C1957D28647E14002E0FC9 /* AlertView.xib */,
			);
			path = Alert;
			sourceTree = "<group>";
		};
		00C1957F28648207002E0FC9 /* Torch */ = {
			isa = PBXGroup;
			children = (
				00C1958028648214002E0FC9 /* TorchView.swift */,
				00C195822864821E002E0FC9 /* TorchView.xib */,
			);
			path = Torch;
			sourceTree = "<group>";
		};
		00DDB7E2285B39BC0045C9F1 /* PhotoLibrary */ = {
			isa = PBXGroup;
			children = (
				00DDB7E3285B39D80045C9F1 /* RequestPhotoLibraryAuthorisationView.swift */,
				00DDB7E5285B39E90045C9F1 /* RequestPhotoLibraryAuthorisationView.xib */,
			);
			path = PhotoLibrary;
			sourceTree = "<group>";
		};
		00DDB7E7285B3D100045C9F1 /* Extensions */ = {
			isa = PBXGroup;
			children = (
				00DDB7E9285B3D2F0045C9F1 /* UIView+AddShadow.swift */,
				00DDB7EB285B3DF10045C9F1 /* UIView+Animations.swift */,
				0086C5FD285F1729001E6098 /* UIColor+Colors.swift */,
				00C1957528645E60002E0FC9 /* NotificationName+Custom.swift */,
			);
			path = Extensions;
			sourceTree = "<group>";
		};
		00DDB7ED285B3F0A0045C9F1 /* PhotoLibrary */ = {
			isa = PBXGroup;
			children = (
				00DDB7EE285B3F1E0045C9F1 /* PhotoLibraryAuthorisationManager.swift */,
			);
			path = PhotoLibrary;
			sourceTree = "<group>";
		};
		00DDB7F0285B43600045C9F1 /* Capture */ = {
			isa = PBXGroup;
			children = (
				00DDB7F1285B43770045C9F1 /* CaptureViewController.swift */,
				00DDB7F2285B43770045C9F1 /* CaptureViewController.xib */,
			);
			path = Capture;
			sourceTree = "<group>";
		};
		00DDB7F8285B45C30045C9F1 /* VideoPreview */ = {
			isa = PBXGroup;
			children = (
				00DDB7F9285B45DB0045C9F1 /* VideoPreviewView.swift */,
			);
			path = VideoPreview;
			sourceTree = "<group>";
		};
		00DDB7FB285B48A80045C9F1 /* CaptureSession */ = {
			isa = PBXGroup;
			children = (
				00DDB7FC285B48B30045C9F1 /* CaptureSessionManager.swift */,
			);
			path = CaptureSession;
			sourceTree = "<group>";
		};
		00DDB7FE285C7C9B0045C9F1 /* TimerView */ = {
			isa = PBXGroup;
			children = (
				00DDB7FF285C7CAE0045C9F1 /* TimerView.swift */,
				00DDB801285C7CBD0045C9F1 /* TimerView.xib */,
			);
			path = TimerView;
			sourceTree = "<group>";
		};
		00DDB803285C7F820045C9F1 /* RecordView */ = {
			isa = PBXGroup;
			children = (
				00DDB804285C7F920045C9F1 /* RecordView.swift */,
				00DDB806285C7FA80045C9F1 /* RecordView.xib */,
			);
			path = RecordView;
			sourceTree = "<group>";
		};
		00DDB808285C99950045C9F1 /* Timer */ = {
			isa = PBXGroup;
			children = (
				00DDB809285C99A10045C9F1 /* TimerManager.swift */,
			);
			path = Timer;
			sourceTree = "<group>";
		};
		00F8BAE22857323D00C5FF8F = {
			isa = PBXGroup;
			children = (
				00F8BAED2857323D00C5FF8F /* CustomCamera */,
				00F8BAEC2857323D00C5FF8F /* Products */,
			);
			sourceTree = "<group>";
		};
		00F8BAEC2857323D00C5FF8F /* Products */ = {
			isa = PBXGroup;
			children = (
				00F8BAEB2857323D00C5FF8F /* CustomCamera.app */,
			);
			name = Products;
			sourceTree = "<group>";
		};
		00F8BAED2857323D00C5FF8F /* CustomCamera */ = {
			isa = PBXGroup;
			children = (
				00F8BAFC2857323E00C5FF8F /* Info.plist */,
				00F8BAEE2857323D00C5FF8F /* AppDelegate.swift */,
				00DDB7F6285B43B40045C9F1 /* AppSetup.swift */,
				00F8BAF02857323D00C5FF8F /* SceneDelegate.swift */,
				00F8BAF72857323E00C5FF8F /* Assets.xcassets */,
				00F8BB1028573A5800C5FF8F /* Controllers */,
				00DDB7E7285B3D100045C9F1 /* Extensions */,
				00F8BAF92857323E00C5FF8F /* LaunchScreen.storyboard */,
				00F8BAF42857323D00C5FF8F /* Main.storyboard */,
				00F8BB022857329F00C5FF8F /* ViewControllers */,
				00F8BB09285733B600C5FF8F /* Views */,
			);
			path = CustomCamera;
			sourceTree = "<group>";
		};
		00F8BB022857329F00C5FF8F /* ViewControllers */ = {
			isa = PBXGroup;
			children = (
				00212BD3286869DF0052488C /* VideoPlayer */,
				00DDB7F0285B43600045C9F1 /* Capture */,
				00F8BB04285732B200C5FF8F /* Launch */,
				00F8BB03285732A400C5FF8F /* ViewController */,
			);
			path = ViewControllers;
			sourceTree = "<group>";
		};
		00F8BB03285732A400C5FF8F /* ViewController */ = {
			isa = PBXGroup;
			children = (
				00F8BAF22857323D00C5FF8F /* ViewController.swift */,
			);
			path = ViewController;
			sourceTree = "<group>";
		};
		00F8BB04285732B200C5FF8F /* Launch */ = {
			isa = PBXGroup;
			children = (
				00F8BB05285732DD00C5FF8F /* LaunchViewController.swift */,
				00F8BB06285732DD00C5FF8F /* LaunchViewController.xib */,
			);
			path = Launch;
			sourceTree = "<group>";
		};
		00F8BB09285733B600C5FF8F /* Views */ = {
			isa = PBXGroup;
			children = (
				00212BCE286853390052488C /* PointOfInterest */,
				00C1957F28648207002E0FC9 /* Torch */,
				00C1957A28647DF7002E0FC9 /* Alert */,
				00DDB803285C7F820045C9F1 /* RecordView */,
				00F8BB0A285733B900C5FF8F /* RequestAuthorisation */,
				0086C5FF285F1803001E6098 /* SwitchZoom */,
				00DDB7FE285C7C9B0045C9F1 /* TimerView */,
				00004754285F394B00F97179 /* ToggleCamera */,
				00DDB7F8285B45C30045C9F1 /* VideoPreview */,
			);
			path = Views;
			sourceTree = "<group>";
		};
		00F8BB0A285733B900C5FF8F /* RequestAuthorisation */ = {
			isa = PBXGroup;
			children = (
				00F8BB0B285733C100C5FF8F /* Camera */,
				00F8BB1528574D1400C5FF8F /* Microphone */,
				00DDB7E2285B39BC0045C9F1 /* PhotoLibrary */,
			);
			path = RequestAuthorisation;
			sourceTree = "<group>";
		};
		00F8BB0B285733C100C5FF8F /* Camera */ = {
			isa = PBXGroup;
			children = (
				00F8BB0C285733E300C5FF8F /* RequestCameraAuthorisationView.swift */,
				00F8BB0E2857340D00C5FF8F /* RequestCameraAuthorisationView.xib */,
			);
			path = Camera;
			sourceTree = "<group>";
		};
		00F8BB1028573A5800C5FF8F /* Controllers */ = {
			isa = PBXGroup;
			children = (
				00C19577286460DF002E0FC9 /* VideoOrientation */,
				00DDB808285C99950045C9F1 /* Timer */,
				00DDB7FB285B48A80045C9F1 /* CaptureSession */,
				00F8BB1128573A5E00C5FF8F /* RequestAuthorisation */,
			);
			path = Controllers;
			sourceTree = "<group>";
		};
		00F8BB1128573A5E00C5FF8F /* RequestAuthorisation */ = {
			isa = PBXGroup;
			children = (
				00F8BB1228573A6700C5FF8F /* Camera */,
				00F8BB1A2857500600C5FF8F /* Microphone */,
				00DDB7ED285B3F0A0045C9F1 /* PhotoLibrary */,
			);
			path = RequestAuthorisation;
			sourceTree = "<group>";
		};
		00F8BB1228573A6700C5FF8F /* Camera */ = {
			isa = PBXGroup;
			children = (
				00F8BB1328573A7A00C5FF8F /* CameraAuthorisationManager.swift */,
			);
			path = Camera;
			sourceTree = "<group>";
		};
		00F8BB1528574D1400C5FF8F /* Microphone */ = {
			isa = PBXGroup;
			children = (
				00F8BB1628574D2F00C5FF8F /* RequestMicrophoneAuthorisationView.swift */,
				00F8BB1828574D4800C5FF8F /* RequestMicrophoneAuthorisationView.xib */,
			);
			path = Microphone;
			sourceTree = "<group>";
		};
		00F8BB1A2857500600C5FF8F /* Microphone */ = {
			isa = PBXGroup;
			children = (
				00F8BB1B2857501700C5FF8F /* MicrophoneAuthorisationManager.swift */,
			);
			path = Microphone;
			sourceTree = "<group>";
		};
/* End PBXGroup section */

/* Begin PBXNativeTarget section */
		00F8BAEA2857323D00C5FF8F /* CustomCamera */ = {
			isa = PBXNativeTarget;
			buildConfigurationList = 00F8BAFF2857323E00C5FF8F /* Build configuration list for PBXNativeTarget "CustomCamera" */;
			buildPhases = (
				00F8BAE72857323D00C5FF8F /* Sources */,
				00F8BAE82857323D00C5FF8F /* Frameworks */,
				00F8BAE92857323D00C5FF8F /* Resources */,
			);
			buildRules = (
			);
			dependencies = (
			);
			name = CustomCamera;
			productName = CustomCamera;
			productReference = 00F8BAEB2857323D00C5FF8F /* CustomCamera.app */;
			productType = "com.apple.product-type.application";
		};
/* End PBXNativeTarget section */

/* Begin PBXProject section */
		00F8BAE32857323D00C5FF8F /* Project object */ = {
			isa = PBXProject;
			attributes = {
				BuildIndependentTargetsInParallel = 1;
				LastSwiftUpdateCheck = 1340;
				LastUpgradeCheck = 1340;
				TargetAttributes = {
					00F8BAEA2857323D00C5FF8F = {
						CreatedOnToolsVersion = 13.4;
					};
				};
			};
			buildConfigurationList = 00F8BAE62857323D00C5FF8F /* Build configuration list for PBXProject "CustomCamera" */;
			compatibilityVersion = "Xcode 13.0";
			developmentRegion = en;
			hasScannedForEncodings = 0;
			knownRegions = (
				en,
				Base,
			);
			mainGroup = 00F8BAE22857323D00C5FF8F;
			productRefGroup = 00F8BAEC2857323D00C5FF8F /* Products */;
			projectDirPath = "";
			projectRoot = "";
			targets = (
				00F8BAEA2857323D00C5FF8F /* CustomCamera */,
			);
		};
/* End PBXProject section */

/* Begin PBXResourcesBuildPhase section */
		00F8BAE92857323D00C5FF8F /* Resources */ = {
			isa = PBXResourcesBuildPhase;
			buildActionMask = 2147483647;
			files = (
				00212BD22868535B0052488C /* PointOfInterestView.xib in Resources */,
				00F8BAFB2857323E00C5FF8F /* LaunchScreen.storyboard in Resources */,
				00DDB802285C7CBD0045C9F1 /* TimerView.xib in Resources */,
				00DDB7E6285B39E90045C9F1 /* RequestPhotoLibraryAuthorisationView.xib in Resources */,
				00F8BAF82857323E00C5FF8F /* Assets.xcassets in Resources */,
				00F8BB0F2857340D00C5FF8F /* RequestCameraAuthorisationView.xib in Resources */,
				00C195832864821E002E0FC9 /* TorchView.xib in Resources */,
				00DDB807285C7FA80045C9F1 /* RecordView.xib in Resources */,
				00F8BB1928574D4800C5FF8F /* RequestMicrophoneAuthorisationView.xib in Resources */,
				00DDB7F4285B43770045C9F1 /* CaptureViewController.xib in Resources */,
				00F8BAF62857323D00C5FF8F /* Main.storyboard in Resources */,
				00C1957E28647E14002E0FC9 /* AlertView.xib in Resources */,
				00F8BB08285732DD00C5FF8F /* LaunchViewController.xib in Resources */,
				0086C603285F182F001E6098 /* SwitchZoomView.xib in Resources */,
				00004758285F397500F97179 /* ToggleCameraView.xib in Resources */,
			);
			runOnlyForDeploymentPostprocessing = 0;
		};
/* End PBXResourcesBuildPhase section */

/* Begin PBXSourcesBuildPhase section */
		00F8BAE72857323D00C5FF8F /* Sources */ = {
			isa = PBXSourcesBuildPhase;
			buildActionMask = 2147483647;
			files = (
				00F8BB1C2857501700C5FF8F /* MicrophoneAuthorisationManager.swift in Sources */,
				00DDB805285C7F920045C9F1 /* RecordView.swift in Sources */,
				00F8BAF32857323D00C5FF8F /* ViewController.swift in Sources */,
				00DDB7EA285B3D2F0045C9F1 /* UIView+AddShadow.swift in Sources */,
				00F8BB0D285733E300C5FF8F /* RequestCameraAuthorisationView.swift in Sources */,
				00C1957C28647E0B002E0FC9 /* AlertView.swift in Sources */,
				00F8BAEF2857323D00C5FF8F /* AppDelegate.swift in Sources */,
				00C19579286460F2002E0FC9 /* VideoOrientationManager.swift in Sources */,
				00DDB7EF285B3F1E0045C9F1 /* PhotoLibraryAuthorisationManager.swift in Sources */,
				0086C601285F1822001E6098 /* SwitchZoomView.swift in Sources */,
				00F8BAF12857323D00C5FF8F /* SceneDelegate.swift in Sources */,
				00C1957628645E60002E0FC9 /* NotificationName+Custom.swift in Sources */,
				00DDB800285C7CAE0045C9F1 /* TimerView.swift in Sources */,
				00DDB7F7285B43B40045C9F1 /* AppSetup.swift in Sources */,
				00F8BB07285732DD00C5FF8F /* LaunchViewController.swift in Sources */,
				00DDB7FD285B48B30045C9F1 /* CaptureSessionManager.swift in Sources */,
				00DDB7FA285B45DB0045C9F1 /* VideoPreviewView.swift in Sources */,
				00212BD528686A050052488C /* VideoPlayerViewController.swift in Sources */,
				00DDB7F3285B43770045C9F1 /* CaptureViewController.swift in Sources */,
				00DDB7E4285B39D80045C9F1 /* RequestPhotoLibraryAuthorisationView.swift in Sources */,
				00C1958128648214002E0FC9 /* TorchView.swift in Sources */,
				00F8BB1428573A7A00C5FF8F /* CameraAuthorisationManager.swift in Sources */,
				00212BD0286853500052488C /* PointOfInterestView.swift in Sources */,
				00F8BB1728574D2F00C5FF8F /* RequestMicrophoneAuthorisationView.swift in Sources */,
				0086C5FE285F1729001E6098 /* UIColor+Colors.swift in Sources */,
				00DDB7EC285B3DF10045C9F1 /* UIView+Animations.swift in Sources */,
				00DDB80A285C99A10045C9F1 /* TimerManager.swift in Sources */,
				00004756285F396900F97179 /* ToggleCameraView.swift in Sources */,
			);
			runOnlyForDeploymentPostprocessing = 0;
		};
/* End PBXSourcesBuildPhase section */

/* Begin PBXVariantGroup section */
		00F8BAF42857323D00C5FF8F /* Main.storyboard */ = {
			isa = PBXVariantGroup;
			children = (
				00F8BAF52857323D00C5FF8F /* Base */,
			);
			name = Main.storyboard;
			sourceTree = "<group>";
		};
		00F8BAF92857323E00C5FF8F /* LaunchScreen.storyboard */ = {
			isa = PBXVariantGroup;
			children = (
				00F8BAFA2857323E00C5FF8F /* Base */,
			);
			name = LaunchScreen.storyboard;
			sourceTree = "<group>";
		};
/* End PBXVariantGroup section */

/* Begin XCBuildConfiguration section */
		00F8BAFD2857323E00C5FF8F /* Debug */ = {
			isa = XCBuildConfiguration;
			buildSettings = {
				ALWAYS_SEARCH_USER_PATHS = NO;
				CLANG_ANALYZER_NONNULL = YES;
				CLANG_ANALYZER_NUMBER_OBJECT_CONVERSION = YES_AGGRESSIVE;
				CLANG_CXX_LANGUAGE_STANDARD = "gnu++17";
				CLANG_ENABLE_MODULES = YES;
				CLANG_ENABLE_OBJC_ARC = YES;
				CLANG_ENABLE_OBJC_WEAK = YES;
				CLANG_WARN_BLOCK_CAPTURE_AUTORELEASING = YES;
				CLANG_WARN_BOOL_CONVERSION = YES;
				CLANG_WARN_COMMA = YES;
				CLANG_WARN_CONSTANT_CONVERSION = YES;
				CLANG_WARN_DEPRECATED_OBJC_IMPLEMENTATIONS = YES;
				CLANG_WARN_DIRECT_OBJC_ISA_USAGE = YES_ERROR;
				CLANG_WARN_DOCUMENTATION_COMMENTS = YES;
				CLANG_WARN_EMPTY_BODY = YES;
				CLANG_WARN_ENUM_CONVERSION = YES;
				CLANG_WARN_INFINITE_RECURSION = YES;
				CLANG_WARN_INT_CONVERSION = YES;
				CLANG_WARN_NON_LITERAL_NULL_CONVERSION = YES;
				CLANG_WARN_OBJC_IMPLICIT_RETAIN_SELF = YES;
				CLANG_WARN_OBJC_LITERAL_CONVERSION = YES;
				CLANG_WARN_OBJC_ROOT_CLASS = YES_ERROR;
				CLANG_WARN_QUOTED_INCLUDE_IN_FRAMEWORK_HEADER = YES;
				CLANG_WARN_RANGE_LOOP_ANALYSIS = YES;
				CLANG_WARN_STRICT_PROTOTYPES = YES;
				CLANG_WARN_SUSPICIOUS_MOVE = YES;
				CLANG_WARN_UNGUARDED_AVAILABILITY = YES_AGGRESSIVE;
				CLANG_WARN_UNREACHABLE_CODE = YES;
				CLANG_WARN__DUPLICATE_METHOD_MATCH = YES;
				COPY_PHASE_STRIP = NO;
				DEBUG_INFORMATION_FORMAT = dwarf;
				ENABLE_STRICT_OBJC_MSGSEND = YES;
				ENABLE_TESTABILITY = YES;
				GCC_C_LANGUAGE_STANDARD = gnu11;
				GCC_DYNAMIC_NO_PIC = NO;
				GCC_NO_COMMON_BLOCKS = YES;
				GCC_OPTIMIZATION_LEVEL = 0;
				GCC_PREPROCESSOR_DEFINITIONS = (
					"DEBUG=1",
					"$(inherited)",
				);
				GCC_WARN_64_TO_32_BIT_CONVERSION = YES;
				GCC_WARN_ABOUT_RETURN_TYPE = YES_ERROR;
				GCC_WARN_UNDECLARED_SELECTOR = YES;
				GCC_WARN_UNINITIALIZED_AUTOS = YES_AGGRESSIVE;
				GCC_WARN_UNUSED_FUNCTION = YES;
				GCC_WARN_UNUSED_VARIABLE = YES;
				IPHONEOS_DEPLOYMENT_TARGET = 15.5;
				MTL_ENABLE_DEBUG_INFO = INCLUDE_SOURCE;
				MTL_FAST_MATH = YES;
				ONLY_ACTIVE_ARCH = YES;
				SDKROOT = iphoneos;
				SWIFT_ACTIVE_COMPILATION_CONDITIONS = DEBUG;
				SWIFT_OPTIMIZATION_LEVEL = "-Onone";
			};
			name = Debug;
		};
		00F8BAFE2857323E00C5FF8F /* Release */ = {
			isa = XCBuildConfiguration;
			buildSettings = {
				ALWAYS_SEARCH_USER_PATHS = NO;
				CLANG_ANALYZER_NONNULL = YES;
				CLANG_ANALYZER_NUMBER_OBJECT_CONVERSION = YES_AGGRESSIVE;
				CLANG_CXX_LANGUAGE_STANDARD = "gnu++17";
				CLANG_ENABLE_MODULES = YES;
				CLANG_ENABLE_OBJC_ARC = YES;
				CLANG_ENABLE_OBJC_WEAK = YES;
				CLANG_WARN_BLOCK_CAPTURE_AUTORELEASING = YES;
				CLANG_WARN_BOOL_CONVERSION = YES;
				CLANG_WARN_COMMA = YES;
				CLANG_WARN_CONSTANT_CONVERSION = YES;
				CLANG_WARN_DEPRECATED_OBJC_IMPLEMENTATIONS = YES;
				CLANG_WARN_DIRECT_OBJC_ISA_USAGE = YES_ERROR;
				CLANG_WARN_DOCUMENTATION_COMMENTS = YES;
				CLANG_WARN_EMPTY_BODY = YES;
				CLANG_WARN_ENUM_CONVERSION = YES;
				CLANG_WARN_INFINITE_RECURSION = YES;
				CLANG_WARN_INT_CONVERSION = YES;
				CLANG_WARN_NON_LITERAL_NULL_CONVERSION = YES;
				CLANG_WARN_OBJC_IMPLICIT_RETAIN_SELF = YES;
				CLANG_WARN_OBJC_LITERAL_CONVERSION = YES;
				CLANG_WARN_OBJC_ROOT_CLASS = YES_ERROR;
				CLANG_WARN_QUOTED_INCLUDE_IN_FRAMEWORK_HEADER = YES;
				CLANG_WARN_RANGE_LOOP_ANALYSIS = YES;
				CLANG_WARN_STRICT_PROTOTYPES = YES;
				CLANG_WARN_SUSPICIOUS_MOVE = YES;
				CLANG_WARN_UNGUARDED_AVAILABILITY = YES_AGGRESSIVE;
				CLANG_WARN_UNREACHABLE_CODE = YES;
				CLANG_WARN__DUPLICATE_METHOD_MATCH = YES;
				COPY_PHASE_STRIP = NO;
				DEBUG_INFORMATION_FORMAT = "dwarf-with-dsym";
				ENABLE_NS_ASSERTIONS = NO;
				ENABLE_STRICT_OBJC_MSGSEND = YES;
				GCC_C_LANGUAGE_STANDARD = gnu11;
				GCC_NO_COMMON_BLOCKS = YES;
				GCC_WARN_64_TO_32_BIT_CONVERSION = YES;
				GCC_WARN_ABOUT_RETURN_TYPE = YES_ERROR;
				GCC_WARN_UNDECLARED_SELECTOR = YES;
				GCC_WARN_UNINITIALIZED_AUTOS = YES_AGGRESSIVE;
				GCC_WARN_UNUSED_FUNCTION = YES;
				GCC_WARN_UNUSED_VARIABLE = YES;
				IPHONEOS_DEPLOYMENT_TARGET = 15.5;
				MTL_ENABLE_DEBUG_INFO = NO;
				MTL_FAST_MATH = YES;
				SDKROOT = iphoneos;
				SWIFT_COMPILATION_MODE = wholemodule;
				SWIFT_OPTIMIZATION_LEVEL = "-O";
				VALIDATE_PRODUCT = YES;
			};
			name = Release;
		};
		00F8BB002857323E00C5FF8F /* Debug */ = {
			isa = XCBuildConfiguration;
			buildSettings = {
				ASSETCATALOG_COMPILER_APPICON_NAME = AppIcon;
				ASSETCATALOG_COMPILER_GLOBAL_ACCENT_COLOR_NAME = AccentColor;
				CODE_SIGN_STYLE = Automatic;
				CURRENT_PROJECT_VERSION = 1;
				DEVELOPMENT_TEAM = QH7853B55W;
				GENERATE_INFOPLIST_FILE = YES;
				INFOPLIST_FILE = CustomCamera/Info.plist;
				INFOPLIST_KEY_UIApplicationSupportsIndirectInputEvents = YES;
				INFOPLIST_KEY_UILaunchStoryboardName = LaunchScreen;
				INFOPLIST_KEY_UIMainStoryboardFile = Main;
				INFOPLIST_KEY_UISupportedInterfaceOrientations_iPad = "UIInterfaceOrientationPortrait UIInterfaceOrientationPortraitUpsideDown UIInterfaceOrientationLandscapeLeft UIInterfaceOrientationLandscapeRight";
				INFOPLIST_KEY_UISupportedInterfaceOrientations_iPhone = "UIInterfaceOrientationPortrait UIInterfaceOrientationLandscapeLeft UIInterfaceOrientationLandscapeRight";
				LD_RUNPATH_SEARCH_PATHS = (
					"$(inherited)",
					"@executable_path/Frameworks",
				);
				MARKETING_VERSION = 1.0;
				PRODUCT_BUNDLE_IDENTIFIER = dev.aybarsacar.CustomCamera;
				PRODUCT_NAME = "$(TARGET_NAME)";
				SWIFT_EMIT_LOC_STRINGS = YES;
				SWIFT_VERSION = 5.0;
				TARGETED_DEVICE_FAMILY = "1,2";
			};
			name = Debug;
		};
		00F8BB012857323E00C5FF8F /* Release */ = {
			isa = XCBuildConfiguration;
			buildSettings = {
				ASSETCATALOG_COMPILER_APPICON_NAME = AppIcon;
				ASSETCATALOG_COMPILER_GLOBAL_ACCENT_COLOR_NAME = AccentColor;
				CODE_SIGN_STYLE = Automatic;
				CURRENT_PROJECT_VERSION = 1;
				DEVELOPMENT_TEAM = QH7853B55W;
				GENERATE_INFOPLIST_FILE = YES;
				INFOPLIST_FILE = CustomCamera/Info.plist;
				INFOPLIST_KEY_UIApplicationSupportsIndirectInputEvents = YES;
				INFOPLIST_KEY_UILaunchStoryboardName = LaunchScreen;
				INFOPLIST_KEY_UIMainStoryboardFile = Main;
				INFOPLIST_KEY_UISupportedInterfaceOrientations_iPad = "UIInterfaceOrientationPortrait UIInterfaceOrientationPortraitUpsideDown UIInterfaceOrientationLandscapeLeft UIInterfaceOrientationLandscapeRight";
				INFOPLIST_KEY_UISupportedInterfaceOrientations_iPhone = "UIInterfaceOrientationPortrait UIInterfaceOrientationLandscapeLeft UIInterfaceOrientationLandscapeRight";
				LD_RUNPATH_SEARCH_PATHS = (
					"$(inherited)",
					"@executable_path/Frameworks",
				);
				MARKETING_VERSION = 1.0;
				PRODUCT_BUNDLE_IDENTIFIER = dev.aybarsacar.CustomCamera;
				PRODUCT_NAME = "$(TARGET_NAME)";
				SWIFT_EMIT_LOC_STRINGS = YES;
				SWIFT_VERSION = 5.0;
				TARGETED_DEVICE_FAMILY = "1,2";
			};
			name = Release;
		};
/* End XCBuildConfiguration section */

/* Begin XCConfigurationList section */
		00F8BAE62857323D00C5FF8F /* Build configuration list for PBXProject "CustomCamera" */ = {
			isa = XCConfigurationList;
			buildConfigurations = (
				00F8BAFD2857323E00C5FF8F /* Debug */,
				00F8BAFE2857323E00C5FF8F /* Release */,
			);
			defaultConfigurationIsVisible = 0;
			defaultConfigurationName = Release;
		};
		00F8BAFF2857323E00C5FF8F /* Build configuration list for PBXNativeTarget "CustomCamera" */ = {
			isa = XCConfigurationList;
			buildConfigurations = (
				00F8BB002857323E00C5FF8F /* Debug */,
				00F8BB012857323E00C5FF8F /* Release */,
			);
			defaultConfigurationIsVisible = 0;
			defaultConfigurationName = Release;
		};
/* End XCConfigurationList section */
	};
	rootObject = 00F8BAE32857323D00C5FF8F /* Project object */;
}
